
Microsoft Visual Studio Solution File, Format Version 12.00
# Visual Studio Version 17
VisualStudioVersion = 17.0.32126.317
MinimumVisualStudioVersion = 10.0.40219.1
Project("{FAE04EC0-301F-11D3-BF4B-00C04F79EFBC}") = "Operacion", "Operacion.csproj", "{EEF8E195-33CD-46D7-B37E-4A435DAADC45}"
EndProject
Global
	GlobalSection(SolutionConfigurationPlatforms) = preSolution
		Debug|Any CPU = Debug|Any CPU
		Release|Any CPU = Release|Any CPU
	EndGlobalSection
	GlobalSection(ProjectConfigurationPlatforms) = postSolution
		{EEF8E195-33CD-46D7-B37E-4A435DAADC45}.Debug|Any CPU.ActiveCfg = Debug|Any CPU
		{EEF8E195-33CD-46D7-B37E-4A435DAADC45}.Debug|Any CPU.Build.0 = Debug|Any CPU
		{EEF8E195-33CD-46D7-B37E-4A435DAADC45}.Release|Any CPU.ActiveCfg = Release|Any CPU
		{EEF8E195-33CD-46D7-B37E-4A435DAADC45}.Release|Any CPU.Build.0 = Release|Any CPU
	EndGlobalSection
	GlobalSection(SolutionProperties) = preSolution
		HideSolutionNode = FALSE
	EndGlobalSection
	GlobalSection(ExtensibilityGlobals) = postSolution
		SolutionGuid = {20F38686-ACE7-4841-BB51-9C7571B710F4}
	EndGlobalSection
EndGlobal
